
Microsoft Visual Studio Solution File, Format Version 12.00
# Visual Studio Version 17
VisualStudioVersion = 17.3.32811.315
MinimumVisualStudioVersion = 10.0.40219.1
Project("{2150E333-8FDC-42A3-9474-1A3956D46DE8}") = "services", "services", "{3B203BC2-9DB3-41B5-8937-E9C1F976F73E}"
EndProject
Project("{2150E333-8FDC-42A3-9474-1A3956D46DE8}") = "catalog", "catalog", "{D4F0196C-9B77-4C96-A0A9-8214FFE4779C}"
EndProject
Project("{9A19103F-16F7-4668-BE54-9A1E7A4F7556}") = "Catalog.API", "Services\Catalog\Catalog.API\Catalog.API.csproj", "{8DB214C6-4383-4AC7-B7E6-8116120AC47F}"
EndProject
Project("{9A19103F-16F7-4668-BE54-9A1E7A4F7556}") = "Catalog.API.Minimal", "Services\Catalog\Catalog.API-Minimal\Catalog.API.Minimal.csproj", "{D0796CE9-F2E2-4728-8EF6-9B3B5CDFC78A}"
EndProject
Project("{E53339B2-1760-4266-BCC7-CA923CBCF16C}") = "docker-compose", "docker-compose.dcproj", "{352AA70D-FD78-4BA8-A5FA-7B7FCCB8D1FF}"
EndProject
Project("{2150E333-8FDC-42A3-9474-1A3956D46DE8}") = "basket", "basket", "{6DF46A0A-E09D-433D-80B2-0DCD24132F6A}"
EndProject
Project("{FAE04EC0-301F-11D3-BF4B-00C04F79EFBC}") = "Basket.API", "Services\Basket\Basket.API\Basket.API.csproj", "{51DBE229-AA82-415E-B416-47547FE68F54}"
EndProject
Global
	GlobalSection(SolutionConfigurationPlatforms) = preSolution
		Debug|Any CPU = Debug|Any CPU
		Release|Any CPU = Release|Any CPU
	EndGlobalSection
	GlobalSection(ProjectConfigurationPlatforms) = postSolution
		{8DB214C6-4383-4AC7-B7E6-8116120AC47F}.Debug|Any CPU.ActiveCfg = Debug|Any CPU
		{8DB214C6-4383-4AC7-B7E6-8116120AC47F}.Debug|Any CPU.Build.0 = Debug|Any CPU
		{8DB214C6-4383-4AC7-B7E6-8116120AC47F}.Release|Any CPU.ActiveCfg = Release|Any CPU
		{8DB214C6-4383-4AC7-B7E6-8116120AC47F}.Release|Any CPU.Build.0 = Release|Any CPU
		{D0796CE9-F2E2-4728-8EF6-9B3B5CDFC78A}.Debug|Any CPU.ActiveCfg = Debug|Any CPU
		{D0796CE9-F2E2-4728-8EF6-9B3B5CDFC78A}.Debug|Any CPU.Build.0 = Debug|Any CPU
		{D0796CE9-F2E2-4728-8EF6-9B3B5CDFC78A}.Release|Any CPU.ActiveCfg = Release|Any CPU
		{D0796CE9-F2E2-4728-8EF6-9B3B5CDFC78A}.Release|Any CPU.Build.0 = Release|Any CPU
		{352AA70D-FD78-4BA8-A5FA-7B7FCCB8D1FF}.Debug|Any CPU.ActiveCfg = Debug|Any CPU
		{352AA70D-FD78-4BA8-A5FA-7B7FCCB8D1FF}.Debug|Any CPU.Build.0 = Debug|Any CPU
		{352AA70D-FD78-4BA8-A5FA-7B7FCCB8D1FF}.Release|Any CPU.ActiveCfg = Release|Any CPU
		{352AA70D-FD78-4BA8-A5FA-7B7FCCB8D1FF}.Release|Any CPU.Build.0 = Release|Any CPU
		{51DBE229-AA82-415E-B416-47547FE68F54}.Debug|Any CPU.ActiveCfg = Debug|Any CPU
		{51DBE229-AA82-415E-B416-47547FE68F54}.Debug|Any CPU.Build.0 = Debug|Any CPU
		{51DBE229-AA82-415E-B416-47547FE68F54}.Release|Any CPU.ActiveCfg = Release|Any CPU
		{51DBE229-AA82-415E-B416-47547FE68F54}.Release|Any CPU.Build.0 = Release|Any CPU
	EndGlobalSection
	GlobalSection(SolutionProperties) = preSolution
		HideSolutionNode = FALSE
	EndGlobalSection
	GlobalSection(NestedProjects) = preSolution
		{D4F0196C-9B77-4C96-A0A9-8214FFE4779C} = {3B203BC2-9DB3-41B5-8937-E9C1F976F73E}
		{8DB214C6-4383-4AC7-B7E6-8116120AC47F} = {D4F0196C-9B77-4C96-A0A9-8214FFE4779C}
		{D0796CE9-F2E2-4728-8EF6-9B3B5CDFC78A} = {D4F0196C-9B77-4C96-A0A9-8214FFE4779C}
		{6DF46A0A-E09D-433D-80B2-0DCD24132F6A} = {3B203BC2-9DB3-41B5-8937-E9C1F976F73E}
		{51DBE229-AA82-415E-B416-47547FE68F54} = {6DF46A0A-E09D-433D-80B2-0DCD24132F6A}
	EndGlobalSection
	GlobalSection(ExtensibilityGlobals) = postSolution
		SolutionGuid = {F12737D8-D28B-44B5-9B98-7DACAEEA954B}
	EndGlobalSection
EndGlobal
